
Microsoft Visual Studio Solution File, Format Version 12.00
# Visual Studio Version 16
VisualStudioVersion = 16.0.33328.57
MinimumVisualStudioVersion = 10.0.40219.1
Project("{F184B08F-C81C-45F6-A57F-5ABD9991F28F}") = "weekly6", "weekly6\weekly6.vbproj", "{DE2EC237-B1B8-46F1-AD8A-89EAB575CF44}"
EndProject
Global
	GlobalSection(SolutionConfigurationPlatforms) = preSolution
		Debug|Any CPU = Debug|Any CPU
		Release|Any CPU = Release|Any CPU
	EndGlobalSection
	GlobalSection(ProjectConfigurationPlatforms) = postSolution
		{DE2EC237-B1B8-46F1-AD8A-89EAB575CF44}.Debug|Any CPU.ActiveCfg = Debug|Any CPU
		{DE2EC237-B1B8-46F1-AD8A-89EAB575CF44}.Debug|Any CPU.Build.0 = Debug|Any CPU
		{DE2EC237-B1B8-46F1-AD8A-89EAB575CF44}.Release|Any CPU.ActiveCfg = Release|Any CPU
		{DE2EC237-B1B8-46F1-AD8A-89EAB575CF44}.Release|Any CPU.Build.0 = Release|Any CPU
	EndGlobalSection
	GlobalSection(SolutionProperties) = preSolution
		HideSolutionNode = FALSE
	EndGlobalSection
	GlobalSection(ExtensibilityGlobals) = postSolution
		SolutionGuid = {CAA2E95A-FA7B-48FA-B2EF-D724D7888998}
	EndGlobalSection
EndGlobal
